github.com/lechefran/mailbin v0.1.0 h1:MAz0afIinmQBJcLM2iTNJW8duSyhKLrQ4lsLIda8VIo=
github.com/lechefran/mailbin v0.1.0/go.mod h1:seo2xLXIMFRH8dA7Gz8H11WZl5bYjXUnTrBuMrTesf0=
github.com/lechefran/mailbin v0.1.1 h1:UbrfjYNUx3MWRIaZpVhxrW7ow0/DyWflzX+lRZpXZfk=
github.com/lechefran/mailbin v0.1.1/go.mod h1:seo2xLXIMFRH8dA7Gz8H11WZl5bYjXUnTrBuMrTesf0=
