github.com/lechefran/mailban v0.1.2 h1:+BpBJJ0McXhr870VX+3M7SLtuEswTLmv96hMOdtNYQU=
github.com/lechefran/mailban v0.1.2/go.mod h1:B4fdVlFiHrpjK6KxduzlK6N0IeTTm+fzSKfRW3KfUXo=
github.com/lechefran/mailbin v0.1.2 h1:iIcGRpwymkTraCojD2QlPz6VgS6Y94u0/t0x1Yj5lkM=
github.com/lechefran/mailbin v0.1.2/go.mod h1:seo2xLXIMFRH8dA7Gz8H11WZl5bYjXUnTrBuMrTesf0=
